{
    "version": 3,
    "terraform_version": "0.11.0",
    "serial": 10,
    "lineage": "02266943-5a5f-464b-864f-5f60d6e9accf",
    "modules": [
        {
            "path": [
                "root"
            ],
            "outputs": {},
            "resources": {
                "aws_batch_compute_environment.rastervision": {
                    "type": "aws_batch_compute_environment",
                    "depends_on": [
                        "aws_iam_role.container_instance_batch",
                        "aws_iam_role.container_instance_ec2",
                        "aws_iam_role.container_instance_spot_fleet",
                        "aws_iam_role_policy_attachment.batch_policy",
                        "aws_security_group.container_instance",
                        "aws_subnet.public.*"
                    ],
                    "primary": {
                        "id": "rasterVisionBatchStagingComputeEnvironment",
                        "attributes": {
                            "arn": "arn:aws:batch:us-east-1:896538046175:compute-environment/rasterVisionBatchStagingComputeEnvironment",
                            "compute_environment_name": "rasterVisionBatchStagingComputeEnvironment",
                            "compute_resources.#": "1",
                            "compute_resources.0.bid_percentage": "100",
                            "compute_resources.0.desired_vcpus": "0",
                            "compute_resources.0.ec2_key_pair": "geotrellis-emr",
                            "compute_resources.0.image_id": "ami-069e3db5469d420da",
                            "compute_resources.0.instance_role": "arn:aws:iam::896538046175:role/rasterVisionStagingContainerInstanceProfile",
                            "compute_resources.0.instance_type.#": "1",
                            "compute_resources.0.instance_type.3128302577": "p3.2xlarge",
                            "compute_resources.0.max_vcpus": "5",
                            "compute_resources.0.min_vcpus": "0",
                            "compute_resources.0.security_group_ids.#": "1",
                            "compute_resources.0.security_group_ids.3370384860": "sg-067291f4ad4f98831",
                            "compute_resources.0.spot_iam_fleet_role": "arn:aws:iam::896538046175:role/rasterVisionFleetStagingServiceRole",
                            "compute_resources.0.subnets.#": "2",
                            "compute_resources.0.subnets.2419718126": "subnet-0aed8da0436f5fbda",
                            "compute_resources.0.subnets.3062632885": "subnet-0bf2074ca9310a390",
                            "compute_resources.0.tags.%": "4",
                            "compute_resources.0.tags.ComputeEnvironment": "Raster Vision",
                            "compute_resources.0.tags.Environment": "Staging",
                            "compute_resources.0.tags.Name": "Raster Vision BatchWorker",
                            "compute_resources.0.tags.Project": "Raster Foundry",
                            "compute_resources.0.type": "SPOT",
                            "ecc_cluster_arn": "arn:aws:ecs:us-east-1:896538046175:cluster/rasterVisionBatchStagingComputeEnvironment_Batch_c92ff7dc-91b9-3715-abf3-e35ec3197447",
                            "ecs_cluster_arn": "arn:aws:ecs:us-east-1:896538046175:cluster/rasterVisionBatchStagingComputeEnvironment_Batch_c92ff7dc-91b9-3715-abf3-e35ec3197447",
                            "id": "rasterVisionBatchStagingComputeEnvironment",
                            "service_role": "arn:aws:iam::896538046175:role/rasterVisionStagingServiceRole",
                            "state": "ENABLED",
                            "status": "VALID",
                            "status_reason": "ComputeEnvironment Healthy",
                            "type": "MANAGED"
                        },
                        "meta": {},
                        "tainted": false
                    },
                    "deposed": [],
                    "provider": "provider.aws"
                },
                "aws_batch_job_definition.rastervision": {
                    "type": "aws_batch_job_definition",
                    "depends_on": [
                        "data.template_file.batch_job_definition"
                    ],
                    "primary": {
                        "id": "arn:aws:batch:us-east-1:896538046175:job-definition/raster-vision-gpu:2",
                        "attributes": {
                            "arn": "arn:aws:batch:us-east-1:896538046175:job-definition/raster-vision-gpu:2",
                            "container_properties": "{\"command\":[],\"image\":\"rastervision:latest\",\"memory\":55000,\"mountPoints\":[{\"containerPath\":\"/opt/data\",\"readOnly\":false,\"sourceVolume\":\"home\"}],\"privileged\":true,\"readonlyRootFilesystem\":false,\"ulimits\":[],\"vcpus\":8,\"volumes\":[{\"host\":{\"sourcePath\":\"/home/ec2-user\"},\"name\":\"home\"}]}",
                            "id": "arn:aws:batch:us-east-1:896538046175:job-definition/raster-vision-gpu:2",
                            "name": "raster-vision-gpu",
                            "parameters.%": "0",
                            "retry_strategy.#": "0",
                            "revision": "2",
                            "timeout.#": "0",
                            "type": "container"
                        },
                        "meta": {},
                        "tainted": false
                    },
                    "deposed": [],
                    "provider": "provider.aws"
                },
                "aws_batch_job_queue.rastervision": {
                    "type": "aws_batch_job_queue",
                    "depends_on": [
                        "aws_batch_compute_environment.rastervision"
                    ],
                    "primary": {
                        "id": "arn:aws:batch:us-east-1:896538046175:job-queue/rasterVisionQueueStaging",
                        "attributes": {
                            "arn": "arn:aws:batch:us-east-1:896538046175:job-queue/rasterVisionQueueStaging",
                            "compute_environments.#": "1",
                            "compute_environments.0": "arn:aws:batch:us-east-1:896538046175:compute-environment/rasterVisionBatchStagingComputeEnvironment",
                            "id": "arn:aws:batch:us-east-1:896538046175:job-queue/rasterVisionQueueStaging",
                            "name": "rasterVisionQueueStaging",
                            "priority": "1",
                            "state": "ENABLED"
                        },
                        "meta": {},
                        "tainted": false
                    },
                    "deposed": [],
                    "provider": "provider.aws"
                },
                "aws_ecr_repository.rastervision": {
                    "type": "aws_ecr_repository",
                    "depends_on": [],
                    "primary": {
                        "id": "rastervision",
                        "attributes": {
                            "arn": "arn:aws:ecr:us-east-1:896538046175:repository/rastervision",
                            "id": "rastervision",
                            "name": "rastervision",
                            "registry_id": "896538046175",
                            "repository_url": "896538046175.dkr.ecr.us-east-1.amazonaws.com/rastervision"
                        },
                        "meta": {},
                        "tainted": false
                    },
                    "deposed": [],
                    "provider": "provider.aws"
                },
                "aws_eip.nat.0": {
                    "type": "aws_eip",
                    "depends_on": [],
                    "primary": {
                        "id": "eipalloc-010b48846e0fe7615",
                        "attributes": {
                            "association_id": "",
                            "domain": "vpc",
                            "id": "eipalloc-010b48846e0fe7615",
                            "instance": "",
                            "network_interface": "",
                            "private_ip": "",
                            "public_ip": "18.235.174.172",
                            "tags.%": "0",
                            "vpc": "true"
                        },
                        "meta": {
                            "e2bfb730-ecaa-11e6-8f88-34363bc7c4c0": {
                                "delete": 180000000000,
                                "read": 900000000000,
                                "update": 300000000000
                            }
                        },
                        "tainted": false
                    },
                    "deposed": [],
                    "provider": "provider.aws"
                },
                "aws_eip.nat.1": {
                    "type": "aws_eip",
                    "depends_on": [],
                    "primary": {
                        "id": "eipalloc-0d0148b36f01ca3a4",
                        "attributes": {
                            "association_id": "",
                            "domain": "vpc",
                            "id": "eipalloc-0d0148b36f01ca3a4",
                            "instance": "",
                            "network_interface": "",
                            "private_ip": "",
                            "public_ip": "18.213.178.154",
                            "tags.%": "0",
                            "vpc": "true"
                        },
                        "meta": {
                            "e2bfb730-ecaa-11e6-8f88-34363bc7c4c0": {
                                "delete": 180000000000,
                                "read": 900000000000,
                                "update": 300000000000
                            }
                        },
                        "tainted": false
                    },
                    "deposed": [],
                    "provider": "provider.aws"
                },
                "aws_iam_instance_profile.container_instance": {
                    "type": "aws_iam_instance_profile",
                    "depends_on": [
                        "aws_iam_role.container_instance_ec2"
                    ],
                    "primary": {
                        "id": "rasterVisionStagingContainerInstanceProfile",
                        "attributes": {
                            "arn": "arn:aws:iam::896538046175:instance-profile/rasterVisionStagingContainerInstanceProfile",
                            "id": "rasterVisionStagingContainerInstanceProfile",
                            "name": "rasterVisionStagingContainerInstanceProfile",
                            "path": "/",
                            "role": "rasterVisionStagingContainerInstanceProfile",
                            "roles.#": "0",
                            "unique_id": "AIPAIRS5YXL6X2T4L2DZU"
                        },
                        "meta": {},
                        "tainted": false
                    },
                    "deposed": [],
                    "provider": "provider.aws"
                },
                "aws_iam_role.container_instance_batch": {
                    "type": "aws_iam_role",
                    "depends_on": [
                        "data.aws_iam_policy_document.container_instance_batch_assume_role"
                    ],
                    "primary": {
                        "id": "rasterVisionStagingServiceRole",
                        "attributes": {
                            "arn": "arn:aws:iam::896538046175:role/rasterVisionStagingServiceRole",
                            "assume_role_policy": "{\"Version\":\"2012-10-17\",\"Statement\":[{\"Sid\":\"\",\"Effect\":\"Allow\",\"Principal\":{\"Service\":\"batch.amazonaws.com\"},\"Action\":\"sts:AssumeRole\"}]}",
                            "create_date": "2018-09-21T19:55:51Z",
                            "force_detach_policies": "false",
                            "id": "rasterVisionStagingServiceRole",
                            "max_session_duration": "3600",
                            "name": "rasterVisionStagingServiceRole",
                            "path": "/",
                            "unique_id": "AROAJJXG4CRYFTMZBNA2Q"
                        },
                        "meta": {},
                        "tainted": false
                    },
                    "deposed": [],
                    "provider": "provider.aws"
                },
                "aws_iam_role.container_instance_ec2": {
                    "type": "aws_iam_role",
                    "depends_on": [
                        "data.aws_iam_policy_document.container_instance_ec2_assume_role"
                    ],
                    "primary": {
                        "id": "rasterVisionStagingContainerInstanceProfile",
                        "attributes": {
                            "arn": "arn:aws:iam::896538046175:role/rasterVisionStagingContainerInstanceProfile",
                            "assume_role_policy": "{\"Version\":\"2012-10-17\",\"Statement\":[{\"Sid\":\"\",\"Effect\":\"Allow\",\"Principal\":{\"Service\":\"ec2.amazonaws.com\"},\"Action\":\"sts:AssumeRole\"}]}",
                            "create_date": "2018-09-21T19:55:51Z",
                            "force_detach_policies": "false",
                            "id": "rasterVisionStagingContainerInstanceProfile",
                            "max_session_duration": "3600",
                            "name": "rasterVisionStagingContainerInstanceProfile",
                            "path": "/",
                            "unique_id": "AROAIML6ZS3ZY3HTSQLDY"
                        },
                        "meta": {},
                        "tainted": false
                    },
                    "deposed": [],
                    "provider": "provider.aws"
                },
                "aws_iam_role.container_instance_spot_fleet": {
                    "type": "aws_iam_role",
                    "depends_on": [
                        "data.aws_iam_policy_document.container_instance_spot_fleet_assume_role"
                    ],
                    "primary": {
                        "id": "rasterVisionFleetStagingServiceRole",
                        "attributes": {
                            "arn": "arn:aws:iam::896538046175:role/rasterVisionFleetStagingServiceRole",
                            "assume_role_policy": "{\"Version\":\"2012-10-17\",\"Statement\":[{\"Sid\":\"\",\"Effect\":\"Allow\",\"Principal\":{\"Service\":\"spotfleet.amazonaws.com\"},\"Action\":\"sts:AssumeRole\"}]}",
                            "create_date": "2018-09-21T19:55:51Z",
                            "force_detach_policies": "false",
                            "id": "rasterVisionFleetStagingServiceRole",
                            "max_session_duration": "3600",
                            "name": "rasterVisionFleetStagingServiceRole",
                            "path": "/",
                            "unique_id": "AROAJYLYPK5GVLBGMHJWE"
                        },
                        "meta": {},
                        "tainted": false
                    },
                    "deposed": [],
                    "provider": "provider.aws"
                },
                "aws_iam_role_policy_attachment.batch_policy": {
                    "type": "aws_iam_role_policy_attachment",
                    "depends_on": [
                        "aws_iam_role.container_instance_batch"
                    ],
                    "primary": {
                        "id": "rasterVisionStagingServiceRole-20180921195551874000000001",
                        "attributes": {
                            "id": "rasterVisionStagingServiceRole-20180921195551874000000001",
                            "policy_arn": "arn:aws:iam::aws:policy/service-role/AWSBatchServiceRole",
                            "role": "rasterVisionStagingServiceRole"
                        },
                        "meta": {},
                        "tainted": false
                    },
                    "deposed": [],
                    "provider": "provider.aws"
                },
                "aws_iam_role_policy_attachment.ec2_service_role": {
                    "type": "aws_iam_role_policy_attachment",
                    "depends_on": [
                        "aws_iam_role.container_instance_ec2"
                    ],
                    "primary": {
                        "id": "rasterVisionStagingContainerInstanceProfile-20180921195551983600000002",
                        "attributes": {
                            "id": "rasterVisionStagingContainerInstanceProfile-20180921195551983600000002",
                            "policy_arn": "arn:aws:iam::aws:policy/service-role/AmazonEC2ContainerServiceforEC2Role",
                            "role": "rasterVisionStagingContainerInstanceProfile"
                        },
                        "meta": {},
                        "tainted": false
                    },
                    "deposed": [],
                    "provider": "provider.aws"
                },
                "aws_internet_gateway.default": {
                    "type": "aws_internet_gateway",
                    "depends_on": [
                        "aws_vpc.default"
                    ],
                    "primary": {
                        "id": "igw-0e06a1a36a9a0b637",
                        "attributes": {
                            "id": "igw-0e06a1a36a9a0b637",
                            "vpc_id": "vpc-0d32a2863b4ff9dd4"
                        },
                        "meta": {},
                        "tainted": false
                    },
                    "deposed": [],
                    "provider": "provider.aws"
                },
                "aws_nat_gateway.default.0": {
                    "type": "aws_nat_gateway",
                    "depends_on": [
                        "aws_eip.nat.*",
                        "aws_internet_gateway.default",
                        "aws_subnet.public.*"
                    ],
                    "primary": {
                        "id": "nat-036c62790f0175b5a",
                        "attributes": {
                            "allocation_id": "eipalloc-010b48846e0fe7615",
                            "id": "nat-036c62790f0175b5a",
                            "network_interface_id": "eni-056a81894799b989a",
                            "private_ip": "10.0.0.228",
                            "public_ip": "18.235.174.172",
                            "subnet_id": "subnet-0aed8da0436f5fbda",
                            "tags.%": "0"
                        },
                        "meta": {},
                        "tainted": false
                    },
                    "deposed": [],
                    "provider": "provider.aws"
                },
                "aws_nat_gateway.default.1": {
                    "type": "aws_nat_gateway",
                    "depends_on": [
                        "aws_eip.nat.*",
                        "aws_internet_gateway.default",
                        "aws_subnet.public.*"
                    ],
                    "primary": {
                        "id": "nat-0579d21ea832064de",
                        "attributes": {
                            "allocation_id": "eipalloc-0d0148b36f01ca3a4",
                            "id": "nat-0579d21ea832064de",
                            "network_interface_id": "eni-0d2a4f0506af589f5",
                            "private_ip": "10.0.2.231",
                            "public_ip": "18.213.178.154",
                            "subnet_id": "subnet-0bf2074ca9310a390",
                            "tags.%": "0"
                        },
                        "meta": {},
                        "tainted": false
                    },
                    "deposed": [],
                    "provider": "provider.aws"
                },
                "aws_route.public": {
                    "type": "aws_route",
                    "depends_on": [
                        "aws_internet_gateway.default",
                        "aws_route_table.public"
                    ],
                    "primary": {
                        "id": "r-rtb-057119217e62fa9761080289494",
                        "attributes": {
                            "destination_cidr_block": "0.0.0.0/0",
                            "destination_prefix_list_id": "",
                            "egress_only_gateway_id": "",
                            "gateway_id": "igw-0e06a1a36a9a0b637",
                            "id": "r-rtb-057119217e62fa9761080289494",
                            "instance_id": "",
                            "instance_owner_id": "",
                            "nat_gateway_id": "",
                            "network_interface_id": "",
                            "origin": "CreateRoute",
                            "route_table_id": "rtb-057119217e62fa976",
                            "state": "active",
                            "vpc_peering_connection_id": ""
                        },
                        "meta": {
                            "e2bfb730-ecaa-11e6-8f88-34363bc7c4c0": {
                                "create": 120000000000,
                                "delete": 300000000000
                            }
                        },
                        "tainted": false
                    },
                    "deposed": [],
                    "provider": "provider.aws"
                },
                "aws_route_table.public": {
                    "type": "aws_route_table",
                    "depends_on": [
                        "aws_vpc.default"
                    ],
                    "primary": {
                        "id": "rtb-057119217e62fa976",
                        "attributes": {
                            "id": "rtb-057119217e62fa976",
                            "propagating_vgws.#": "0",
                            "route.#": "0",
                            "tags.%": "3",
                            "tags.Environment": "Staging",
                            "tags.Name": "PublicRouteTable",
                            "tags.Project": "Raster Foundry",
                            "vpc_id": "vpc-0d32a2863b4ff9dd4"
                        },
                        "meta": {},
                        "tainted": false
                    },
                    "deposed": [],
                    "provider": "provider.aws"
                },
                "aws_route_table_association.public.0": {
                    "type": "aws_route_table_association",
                    "depends_on": [
                        "aws_route_table.public",
                        "aws_subnet.public.*"
                    ],
                    "primary": {
                        "id": "rtbassoc-0a3f3da21f736ee2a",
                        "attributes": {
                            "id": "rtbassoc-0a3f3da21f736ee2a",
                            "route_table_id": "rtb-057119217e62fa976",
                            "subnet_id": "subnet-0aed8da0436f5fbda"
                        },
                        "meta": {},
                        "tainted": false
                    },
                    "deposed": [],
                    "provider": "provider.aws"
                },
                "aws_route_table_association.public.1": {
                    "type": "aws_route_table_association",
                    "depends_on": [
                        "aws_route_table.public",
                        "aws_subnet.public.*"
                    ],
                    "primary": {
                        "id": "rtbassoc-0b6e36ca5a9eac83f",
                        "attributes": {
                            "id": "rtbassoc-0b6e36ca5a9eac83f",
                            "route_table_id": "rtb-057119217e62fa976",
                            "subnet_id": "subnet-0bf2074ca9310a390"
                        },
                        "meta": {},
                        "tainted": false
                    },
                    "deposed": [],
                    "provider": "provider.aws"
                },
                "aws_security_group.container_instance": {
                    "type": "aws_security_group",
                    "depends_on": [
                        "aws_vpc.default"
                    ],
                    "primary": {
                        "id": "sg-067291f4ad4f98831",
                        "attributes": {
                            "arn": "arn:aws:ec2:us-east-1:896538046175:security-group/sg-067291f4ad4f98831",
                            "description": "Managed by Terraform",
                            "egress.#": "1",
                            "egress.482069346.cidr_blocks.#": "1",
                            "egress.482069346.cidr_blocks.0": "0.0.0.0/0",
                            "egress.482069346.description": "",
                            "egress.482069346.from_port": "0",
                            "egress.482069346.ipv6_cidr_blocks.#": "0",
                            "egress.482069346.prefix_list_ids.#": "0",
                            "egress.482069346.protocol": "-1",
                            "egress.482069346.security_groups.#": "0",
                            "egress.482069346.self": "false",
                            "egress.482069346.to_port": "0",
                            "id": "sg-067291f4ad4f98831",
                            "ingress.#": "2",
                            "ingress.2541437006.cidr_blocks.#": "1",
                            "ingress.2541437006.cidr_blocks.0": "0.0.0.0/0",
                            "ingress.2541437006.description": "",
                            "ingress.2541437006.from_port": "22",
                            "ingress.2541437006.ipv6_cidr_blocks.#": "0",
                            "ingress.2541437006.protocol": "tcp",
                            "ingress.2541437006.security_groups.#": "0",
                            "ingress.2541437006.self": "false",
                            "ingress.2541437006.to_port": "22",
                            "ingress.731788018.cidr_blocks.#": "1",
                            "ingress.731788018.cidr_blocks.0": "0.0.0.0/0",
                            "ingress.731788018.description": "",
                            "ingress.731788018.from_port": "6006",
                            "ingress.731788018.ipv6_cidr_blocks.#": "0",
                            "ingress.731788018.protocol": "tcp",
                            "ingress.731788018.security_groups.#": "0",
                            "ingress.731788018.self": "false",
                            "ingress.731788018.to_port": "6006",
                            "name": "terraform-20180921195553827500000003",
                            "owner_id": "896538046175",
                            "revoke_rules_on_delete": "false",
                            "tags.%": "3",
                            "tags.Environment": "Staging",
                            "tags.Name": "sgRasterVisionContainerInstance",
                            "tags.Project": "Raster Foundry",
                            "vpc_id": "vpc-0d32a2863b4ff9dd4"
                        },
                        "meta": {
                            "e2bfb730-ecaa-11e6-8f88-34363bc7c4c0": {
                                "create": 600000000000,
                                "delete": 600000000000
                            },
                            "schema_version": "1"
                        },
                        "tainted": false
                    },
                    "deposed": [],
                    "provider": "provider.aws"
                },
                "aws_subnet.public.0": {
                    "type": "aws_subnet",
                    "depends_on": [
                        "aws_vpc.default"
                    ],
                    "primary": {
                        "id": "subnet-0aed8da0436f5fbda",
                        "attributes": {
                            "assign_ipv6_address_on_creation": "false",
                            "availability_zone": "us-east-1a",
                            "cidr_block": "10.0.0.0/24",
                            "id": "subnet-0aed8da0436f5fbda",
                            "map_public_ip_on_launch": "true",
                            "tags.%": "3",
                            "tags.Environment": "Staging",
                            "tags.Name": "PublicSubnet",
                            "tags.Project": "Raster Foundry",
                            "vpc_id": "vpc-0d32a2863b4ff9dd4"
                        },
                        "meta": {
                            "schema_version": "1"
                        },
                        "tainted": false
                    },
                    "deposed": [],
                    "provider": "provider.aws"
                },
                "aws_subnet.public.1": {
                    "type": "aws_subnet",
                    "depends_on": [
                        "aws_vpc.default"
                    ],
                    "primary": {
                        "id": "subnet-0bf2074ca9310a390",
                        "attributes": {
                            "assign_ipv6_address_on_creation": "false",
                            "availability_zone": "us-east-1b",
                            "cidr_block": "10.0.2.0/24",
                            "id": "subnet-0bf2074ca9310a390",
                            "map_public_ip_on_launch": "true",
                            "tags.%": "3",
                            "tags.Environment": "Staging",
                            "tags.Name": "PublicSubnet",
                            "tags.Project": "Raster Foundry",
                            "vpc_id": "vpc-0d32a2863b4ff9dd4"
                        },
                        "meta": {
                            "schema_version": "1"
                        },
                        "tainted": false
                    },
                    "deposed": [],
                    "provider": "provider.aws"
                },
                "aws_vpc.default": {
                    "type": "aws_vpc",
                    "depends_on": [],
                    "primary": {
                        "id": "vpc-0d32a2863b4ff9dd4",
                        "attributes": {
                            "assign_generated_ipv6_cidr_block": "false",
                            "cidr_block": "10.0.0.0/16",
                            "default_network_acl_id": "acl-093ab2da65af710fc",
                            "default_route_table_id": "rtb-04019f32781833d2d",
                            "default_security_group_id": "sg-0d1c9f1c977a85b9d",
                            "dhcp_options_id": "dopt-ae0802cc",
                            "enable_classiclink": "false",
                            "enable_classiclink_dns_support": "false",
                            "enable_dns_hostnames": "true",
                            "enable_dns_support": "true",
                            "id": "vpc-0d32a2863b4ff9dd4",
                            "instance_tenancy": "default",
                            "main_route_table_id": "rtb-04019f32781833d2d",
                            "tags.%": "3",
                            "tags.Environment": "Staging",
                            "tags.Name": "Raster Vision VPC",
                            "tags.Project": "Raster Foundry"
                        },
                        "meta": {
                            "schema_version": "1"
                        },
                        "tainted": false
                    },
                    "deposed": [],
                    "provider": "provider.aws"
                },
                "aws_vpc_endpoint.s3": {
                    "type": "aws_vpc_endpoint",
                    "depends_on": [
                        "aws_route_table.public",
                        "aws_vpc.default"
                    ],
                    "primary": {
                        "id": "vpce-09eedabc13cc4bf21",
                        "attributes": {
                            "cidr_blocks.#": "2",
                            "cidr_blocks.0": "54.231.0.0/17",
                            "cidr_blocks.1": "52.216.0.0/15",
                            "dns_entry.#": "0",
                            "id": "vpce-09eedabc13cc4bf21",
                            "network_interface_ids.#": "0",
                            "policy": "{\"Statement\":[{\"Action\":\"*\",\"Effect\":\"Allow\",\"Principal\":\"*\",\"Resource\":\"*\"}],\"Version\":\"2008-10-17\"}",
                            "prefix_list_id": "pl-63a5400a",
                            "private_dns_enabled": "false",
                            "route_table_ids.#": "1",
                            "route_table_ids.2077635304": "rtb-057119217e62fa976",
                            "security_group_ids.#": "0",
                            "service_name": "com.amazonaws.us-east-1.s3",
                            "state": "available",
                            "subnet_ids.#": "0",
                            "vpc_endpoint_type": "Gateway",
                            "vpc_id": "vpc-0d32a2863b4ff9dd4"
                        },
                        "meta": {},
                        "tainted": false
                    },
                    "deposed": [],
                    "provider": "provider.aws"
                },
                "data.aws_iam_policy_document.container_instance_batch_assume_role": {
                    "type": "aws_iam_policy_document",
                    "depends_on": [],
                    "primary": {
                        "id": "2592449126",
                        "attributes": {
                            "id": "2592449126",
                            "json": "{\n  \"Version\": \"2012-10-17\",\n  \"Statement\": [\n    {\n      \"Sid\": \"\",\n      \"Effect\": \"Allow\",\n      \"Action\": \"sts:AssumeRole\",\n      \"Principal\": {\n        \"Service\": \"batch.amazonaws.com\"\n      }\n    }\n  ]\n}",
                            "statement.#": "1",
                            "statement.0.actions.#": "1",
                            "statement.0.actions.2528466339": "sts:AssumeRole",
                            "statement.0.condition.#": "0",
                            "statement.0.effect": "Allow",
                            "statement.0.not_actions.#": "0",
                            "statement.0.not_principals.#": "0",
                            "statement.0.not_resources.#": "0",
                            "statement.0.principals.#": "1",
                            "statement.0.principals.2946170105.identifiers.#": "1",
                            "statement.0.principals.2946170105.identifiers.362352527": "batch.amazonaws.com",
                            "statement.0.principals.2946170105.type": "Service",
                            "statement.0.resources.#": "0",
                            "statement.0.sid": ""
                        },
                        "meta": {},
                        "tainted": false
                    },
                    "deposed": [],
                    "provider": "provider.aws"
                },
                "data.aws_iam_policy_document.container_instance_ec2_assume_role": {
                    "type": "aws_iam_policy_document",
                    "depends_on": [],
                    "primary": {
                        "id": "1903849331",
                        "attributes": {
                            "id": "1903849331",
                            "json": "{\n  \"Version\": \"2012-10-17\",\n  \"Statement\": [\n    {\n      \"Sid\": \"\",\n      \"Effect\": \"Allow\",\n      \"Action\": \"sts:AssumeRole\",\n      \"Principal\": {\n        \"Service\": \"ec2.amazonaws.com\"\n      }\n    }\n  ]\n}",
                            "statement.#": "1",
                            "statement.0.actions.#": "1",
                            "statement.0.actions.2528466339": "sts:AssumeRole",
                            "statement.0.condition.#": "0",
                            "statement.0.effect": "Allow",
                            "statement.0.not_actions.#": "0",
                            "statement.0.not_principals.#": "0",
                            "statement.0.not_resources.#": "0",
                            "statement.0.principals.#": "1",
                            "statement.0.principals.1134724139.identifiers.#": "1",
                            "statement.0.principals.1134724139.identifiers.3655884555": "ec2.amazonaws.com",
                            "statement.0.principals.1134724139.type": "Service",
                            "statement.0.resources.#": "0",
                            "statement.0.sid": ""
                        },
                        "meta": {},
                        "tainted": false
                    },
                    "deposed": [],
                    "provider": "provider.aws"
                },
                "data.aws_iam_policy_document.container_instance_spot_fleet_assume_role": {
                    "type": "aws_iam_policy_document",
                    "depends_on": [],
                    "primary": {
                        "id": "1116480091",
                        "attributes": {
                            "id": "1116480091",
                            "json": "{\n  \"Version\": \"2012-10-17\",\n  \"Statement\": [\n    {\n      \"Sid\": \"\",\n      \"Effect\": \"Allow\",\n      \"Action\": \"sts:AssumeRole\",\n      \"Principal\": {\n        \"Service\": \"spotfleet.amazonaws.com\"\n      }\n    }\n  ]\n}",
                            "statement.#": "1",
                            "statement.0.actions.#": "1",
                            "statement.0.actions.2528466339": "sts:AssumeRole",
                            "statement.0.condition.#": "0",
                            "statement.0.effect": "Allow",
                            "statement.0.not_actions.#": "0",
                            "statement.0.not_principals.#": "0",
                            "statement.0.not_resources.#": "0",
                            "statement.0.principals.#": "1",
                            "statement.0.principals.2594896827.identifiers.#": "1",
                            "statement.0.principals.2594896827.identifiers.3134587879": "spotfleet.amazonaws.com",
                            "statement.0.principals.2594896827.type": "Service",
                            "statement.0.resources.#": "0",
                            "statement.0.sid": ""
                        },
                        "meta": {},
                        "tainted": false
                    },
                    "deposed": [],
                    "provider": "provider.aws"
                },
                "data.template_file.batch_job_definition": {
                    "type": "template_file",
                    "depends_on": [
                        "aws_ecr_repository.rastervision"
                    ],
                    "primary": {
                        "id": "6b3c66d8e0d1c09daa74426e91691222fe74ada313698aba73d97e8d2b861d8b",
                        "attributes": {
                            "id": "6b3c66d8e0d1c09daa74426e91691222fe74ada313698aba73d97e8d2b861d8b",
                            "rendered": "{\n    \"image\": \"rastervision:latest\",\n    \"vcpus\": 8,\n    \"memory\": 55000,\n    \"command\": [ ],\n    \"volumes\": [\n        {\n            \"host\": {\n                \"sourcePath\": \"/home/ec2-user\"\n            },\n            \"name\": \"home\"\n        }\n    ],\n    \"mountPoints\": [\n        {\n            \"containerPath\": \"/opt/data\",\n            \"readOnly\": false,\n            \"sourceVolume\": \"home\"\n        }\n    ],\n    \"readonlyRootFilesystem\": false,\n    \"privileged\": true,\n    \"ulimits\": []\n}\n",
                            "template": "{\n    \"image\": \"${image_name}\",\n    \"vcpus\": ${vcpus},\n    \"memory\": ${memory},\n    \"command\": [ ],\n    \"volumes\": [\n        {\n            \"host\": {\n                \"sourcePath\": \"/home/ec2-user\"\n            },\n            \"name\": \"home\"\n        }\n    ],\n    \"mountPoints\": [\n        {\n            \"containerPath\": \"/opt/data\",\n            \"readOnly\": false,\n            \"sourceVolume\": \"home\"\n        }\n    ],\n    \"readonlyRootFilesystem\": false,\n    \"privileged\": true,\n    \"ulimits\": []\n}\n",
                            "vars.%": "3",
                            "vars.image_name": "rastervision:latest",
                            "vars.memory": "55000",
                            "vars.vcpus": "8"
                        },
                        "meta": {},
                        "tainted": false
                    },
                    "deposed": [],
                    "provider": "provider.template"
                }
            },
            "depends_on": []
        }
    ]
}
